{
  "name": "prac",
  "version": "1.0.0",
  "lockfileVersion": 1,
  "requires": true,
  "dependencies": {
    "@babel/runtime": {
      "version": "7.5.4",
      "resolved": "https://registry.npm.taobao.org/@babel/runtime/download/@babel/runtime-7.5.4.tgz?cache=0&sync_timestamp=1562698759253&other_urls=https%3A%2F%2Fregistry.npm.taobao.org%2F%40babel%2Fruntime%2Fdownload%2F%40babel%2Fruntime-7.5.4.tgz",
      "integrity": "sha1-y30a18bWVnbma0cYZXeTBGW1Jxs=",
      "requires": {
        "regenerator-runtime": "^0.13.2"
      }
    },
    "@types/history": {
      "version": "4.7.2",
      "resolved": "https://registry.npm.taobao.org/@types/history/download/@types/history-4.7.2.tgz?cache=0&other_urls=https%3A%2F%2Fregistry.npm.taobao.org%2F%40types%2Fhistory%2Fdownload%2F%40types%2Fhistory-4.7.2.tgz",
      "integrity": "sha1-DmcOolTVWSQbbus4lPh1SZHnMiA="
    },
    "@types/hoist-non-react-statics": {
      "version": "3.3.1",
      "resolved": "https://registry.npm.taobao.org/@types/hoist-non-react-statics/download/@types/hoist-non-react-statics-3.3.1.tgz",
      "integrity": "sha1-ESSq/lEYy1kZd66xzqrtEHDrA58=",
      "requires": {
        "@types/react": "*",
        "hoist-non-react-statics": "^3.3.0"
      }
    },
    "@types/prop-types": {
      "version": "15.7.1",
      "resolved": "https://registry.npm.taobao.org/@types/prop-types/download/@types/prop-types-15.7.1.tgz",
      "integrity": "sha1-8aEee6uww8rWgQC+OB0eBkxo8fY="
    },
    "@types/react": {
      "version": "16.8.23",
      "resolved": "https://registry.npm.taobao.org/@types/react/download/@types/react-16.8.23.tgz?cache=0&other_urls=https%3A%2F%2Fregistry.npm.taobao.org%2F%40types%2Freact%2Fdownload%2F%40types%2Freact-16.8.23.tgz",
      "integrity": "sha1-7Gvjzu1jU6IJSBabbLTJe2W5etI=",
      "requires": {
        "@types/prop-types": "*",
        "csstype": "^2.2.0"
      }
    },
    "@types/react-dom": {
      "version": "16.8.4",
      "resolved": "https://registry.npm.taobao.org/@types/react-dom/download/@types/react-dom-16.8.4.tgz?cache=0&other_urls=https%3A%2F%2Fregistry.npm.taobao.org%2F%40types%2Freact-dom%2Fdownload%2F%40types%2Freact-dom-16.8.4.tgz",
      "integrity": "sha1-f7e6NohXx6oPTkURxHEMosWhKog=",
      "requires": {
        "@types/react": "*"
      }
    },
    "@types/react-redux": {
      "version": "7.1.1",
      "resolved": "https://registry.npm.taobao.org/@types/react-redux/download/@types/react-redux-7.1.1.tgz?cache=0&sync_timestamp=1561706806554&other_urls=https%3A%2F%2Fregistry.npm.taobao.org%2F%40types%2Freact-redux%2Fdownload%2F%40types%2Freact-redux-7.1.1.tgz",
      "integrity": "sha1-6wHonPccrXffn0QrgZ1dtpK5l8s=",
      "requires": {
        "@types/hoist-non-react-statics": "^3.3.0",
        "@types/react": "*",
        "hoist-non-react-statics": "^3.3.0",
        "redux": "^4.0.0"
      }
    },
    "@types/react-router": {
      "version": "5.0.3",
      "resolved": "https://registry.npm.taobao.org/@types/react-router/download/@types/react-router-5.0.3.tgz?cache=0&other_urls=https%3A%2F%2Fregistry.npm.taobao.org%2F%40types%2Freact-router%2Fdownload%2F%40types%2Freact-router-5.0.3.tgz",
      "integrity": "sha1-hVoWBuYt4/TWnqNPs8DlDpjpZNU=",
      "requires": {
        "@types/history": "*",
        "@types/react": "*"
      }
    },
    "@types/react-router-dom": {
      "version": "4.3.4",
      "resolved": "https://registry.npm.taobao.org/@types/react-router-dom/download/@types/react-router-dom-4.3.4.tgz",
      "integrity": "sha1-Y6eoVYEp0vT/duS90Jm/S5jiWg0=",
      "requires": {
        "@types/history": "*",
        "@types/react": "*",
        "@types/react-router": "*"
      }
    },
    "@types/react-swipe": {
      "version": "6.0.0",
      "resolved": "https://registry.npm.taobao.org/@types/react-swipe/download/@types/react-swipe-6.0.0.tgz",
      "integrity": "sha1-1anPTRqeKeVEdV/CpzhaXKZYTbo=",
      "requires": {
        "@types/react": "*",
        "@types/swipe": "*"
      }
    },
    "@types/react-transition-group": {
      "version": "2.9.2",
      "resolved": "https://registry.npm.taobao.org/@types/react-transition-group/download/@types/react-transition-group-2.9.2.tgz",
      "integrity": "sha1-xIzyoRl3yLT/U5ockdJZ6qYnAo0=",
      "requires": {
        "@types/react": "*"
      }
    },
    "@types/redux-logger": {
      "version": "3.0.7",
      "resolved": "https://registry.npm.taobao.org/@types/redux-logger/download/@types/redux-logger-3.0.7.tgz",
      "integrity": "sha1-Fj9vaGXGnCHVb5NW3I10FxjsDbA=",
      "requires": {
        "redux": "^3.6.0"
      },
      "dependencies": {
        "redux": {
          "version": "3.7.2",
          "resolved": "https://registry.npm.taobao.org/redux/download/redux-3.7.2.tgz",
          "integrity": "sha1-BrcxIyFZAdJdBlvjQusCa8HIU3s=",
          "requires": {
            "lodash": "^4.2.1",
            "lodash-es": "^4.2.1",
            "loose-envify": "^1.1.0",
            "symbol-observable": "^1.0.3"
          }
        }
      }
    },
    "@types/swipe": {
      "version": "2.0.27",
      "resolved": "https://registry.npm.taobao.org/@types/swipe/download/@types/swipe-2.0.27.tgz",
      "integrity": "sha1-IDFs2XVmI+yzb8KjoTIIqgo8Lzg="
    },
    "connected-react-router": {
      "version": "6.5.0",
      "resolved": "https://registry.npm.taobao.org/connected-react-router/download/connected-react-router-6.5.0.tgz",
      "integrity": "sha1-cl/OtfTDfsAS0EZip/VMiawXk9s=",
      "requires": {
        "immutable": "^3.8.1",
        "prop-types": "^15.7.2",
        "seamless-immutable": "^7.1.3"
      }
    },
    "csstype": {
      "version": "2.6.6",
      "resolved": "https://registry.npm.taobao.org/csstype/download/csstype-2.6.6.tgz",
      "integrity": "sha1-w0+CJqlLuxDDLMDXFK/flCKR/EE="
    },
    "deep-diff": {
      "version": "0.3.8",
      "resolved": "https://registry.npm.taobao.org/deep-diff/download/deep-diff-0.3.8.tgz",
      "integrity": "sha1-wB3mPvsO7JeYgB1Ax+Da4ltYLIQ="
    },
    "dom-helpers": {
      "version": "3.4.0",
      "resolved": "https://registry.npm.taobao.org/dom-helpers/download/dom-helpers-3.4.0.tgz",
      "integrity": "sha1-6bNpcA+Vn2Ls3lprq95LzNkWmvg=",
      "requires": {
        "@babel/runtime": "^7.1.2"
      }
    },
    "gud": {
      "version": "1.0.0",
      "resolved": "https://registry.npm.taobao.org/gud/download/gud-1.0.0.tgz",
      "integrity": "sha1-pIlYGxfmpwvsqavjrlfeekmYUsA="
    },
    "history": {
      "version": "4.9.0",
      "resolved": "https://registry.npm.taobao.org/history/download/history-4.9.0.tgz",
      "integrity": "sha1-hFh8IGgDnq2K92np1qaGChT6G8o=",
      "requires": {
        "@babel/runtime": "^7.1.2",
        "loose-envify": "^1.2.0",
        "resolve-pathname": "^2.2.0",
        "tiny-invariant": "^1.0.2",
        "tiny-warning": "^1.0.0",
        "value-equal": "^0.4.0"
      }
    },
    "hoist-non-react-statics": {
      "version": "3.3.0",
      "resolved": "https://registry.npm.taobao.org/hoist-non-react-statics/download/hoist-non-react-statics-3.3.0.tgz",
      "integrity": "sha1-sJF48BIhhPuVrPUl2q7LTY9FlYs=",
      "requires": {
        "react-is": "^16.7.0"
      }
    },
    "immutable": {
      "version": "3.8.2",
      "resolved": "https://registry.npm.taobao.org/immutable/download/immutable-3.8.2.tgz",
      "integrity": "sha1-wkOZUUVbs5kT2vKBN28VMOEErfM="
    },
    "invariant": {
      "version": "2.2.4",
      "resolved": "https://registry.npm.taobao.org/invariant/download/invariant-2.2.4.tgz?cache=0&other_urls=https%3A%2F%2Fregistry.npm.taobao.org%2Finvariant%2Fdownload%2Finvariant-2.2.4.tgz",
      "integrity": "sha1-YQ88ksk1nOHbYW5TgAjSP/NRWOY=",
      "requires": {
        "loose-envify": "^1.0.0"
      }
    },
    "isarray": {
      "version": "0.0.1",
      "resolved": "https://registry.npm.taobao.org/isarray/download/isarray-0.0.1.tgz?cache=0&sync_timestamp=1562592125418&other_urls=https%3A%2F%2Fregistry.npm.taobao.org%2Fisarray%2Fdownload%2Fisarray-0.0.1.tgz",
      "integrity": "sha1-ihis/Kmo9Bd+Cav8YDiTmwXR7t8="
    },
    "js-tokens": {
      "version": "4.0.0",
      "resolved": "https://registry.npm.taobao.org/js-tokens/download/js-tokens-4.0.0.tgz",
      "integrity": "sha1-GSA/tZmR35jjoocFDUZHzerzJJk="
    },
    "lodash": {
      "version": "4.17.14",
      "resolved": "https://registry.npm.taobao.org/lodash/download/lodash-4.17.14.tgz?cache=0&sync_timestamp=1562774134174&other_urls=https%3A%2F%2Fregistry.npm.taobao.org%2Flodash%2Fdownload%2Flodash-4.17.14.tgz",
      "integrity": "sha1-nOSHrmbJYlT+ILWZ8htoFgKAeLo="
    },
    "lodash-es": {
      "version": "4.17.14",
      "resolved": "https://registry.npm.taobao.org/lodash-es/download/lodash-es-4.17.14.tgz",
      "integrity": "sha1-EqlaljzFlVaDzuO3ToVFiVTzfsw="
    },
    "lodash.isequal": {
      "version": "4.5.0",
      "resolved": "https://registry.npm.taobao.org/lodash.isequal/download/lodash.isequal-4.5.0.tgz?cache=0&other_urls=https%3A%2F%2Fregistry.npm.taobao.org%2Flodash.isequal%2Fdownload%2Flodash.isequal-4.5.0.tgz",
      "integrity": "sha1-QVxEePK8wwEgwizhDtMib30+GOA="
    },
    "loose-envify": {
      "version": "1.4.0",
      "resolved": "https://registry.npm.taobao.org/loose-envify/download/loose-envify-1.4.0.tgz",
      "integrity": "sha1-ce5R+nvkyuwaY4OffmgtgTLTDK8=",
      "requires": {
        "js-tokens": "^3.0.0 || ^4.0.0"
      }
    },
    "mini-create-react-context": {
      "version": "0.3.2",
      "resolved": "https://registry.npm.taobao.org/mini-create-react-context/download/mini-create-react-context-0.3.2.tgz",
      "integrity": "sha1-efxZjyg91iPajgiLBduM3aslAYk=",
      "requires": {
        "@babel/runtime": "^7.4.0",
        "gud": "^1.0.0",
        "tiny-warning": "^1.0.2"
      }
    },
    "object-assign": {
      "version": "4.1.1",
      "resolved": "https://registry.npm.taobao.org/object-assign/download/object-assign-4.1.1.tgz",
      "integrity": "sha1-IQmtx5ZYh8/AXLvUQsrIv7s2CGM="
    },
    "path-to-regexp": {
      "version": "1.7.0",
      "resolved": "https://registry.npm.taobao.org/path-to-regexp/download/path-to-regexp-1.7.0.tgz",
      "integrity": "sha1-Wf3g9DW62suhA6hOnTvGTpa5k30=",
      "requires": {
        "isarray": "0.0.1"
      }
    },
    "prop-types": {
      "version": "15.7.2",
      "resolved": "https://registry.npm.taobao.org/prop-types/download/prop-types-15.7.2.tgz",
      "integrity": "sha1-UsQedbjIfnK52TYOAga5ncv/psU=",
      "requires": {
        "loose-envify": "^1.4.0",
        "object-assign": "^4.1.1",
        "react-is": "^16.8.1"
      }
    },
    "react": {
      "version": "16.8.6",
      "resolved": "https://registry.npm.taobao.org/react/download/react-16.8.6.tgz?cache=0&other_urls=https%3A%2F%2Fregistry.npm.taobao.org%2Freact%2Fdownload%2Freact-16.8.6.tgz",
      "integrity": "sha1-rWw6lhT9Ok6e9REX9U2IjaAfK74=",
      "requires": {
        "loose-envify": "^1.1.0",
        "object-assign": "^4.1.1",
        "prop-types": "^15.6.2",
        "scheduler": "^0.13.6"
      }
    },
    "react-dom": {
      "version": "16.8.6",
      "resolved": "https://registry.npm.taobao.org/react-dom/download/react-dom-16.8.6.tgz",
      "integrity": "sha1-cdYwP2MeiwCX9WFl72CPBR/24Q8=",
      "requires": {
        "loose-envify": "^1.1.0",
        "object-assign": "^4.1.1",
        "prop-types": "^15.6.2",
        "scheduler": "^0.13.6"
      }
    },
    "react-is": {
      "version": "16.8.6",
      "resolved": "https://registry.npm.taobao.org/react-is/download/react-is-16.8.6.tgz?cache=0&other_urls=https%3A%2F%2Fregistry.npm.taobao.org%2Freact-is%2Fdownload%2Freact-is-16.8.6.tgz",
      "integrity": "sha1-W7weLSkUHJ+9/tRWND/ivEMKahY="
    },
    "react-redux": {
      "version": "7.1.0",
      "resolved": "https://registry.npm.taobao.org/react-redux/download/react-redux-7.1.0.tgz?cache=0&other_urls=https%3A%2F%2Fregistry.npm.taobao.org%2Freact-redux%2Fdownload%2Freact-redux-7.1.0.tgz",
      "integrity": "sha1-cq989JCnSs3FFuqcHdgOJa+eoLI=",
      "requires": {
        "@babel/runtime": "^7.4.5",
        "hoist-non-react-statics": "^3.3.0",
        "invariant": "^2.2.4",
        "loose-envify": "^1.4.0",
        "prop-types": "^15.7.2",
        "react-is": "^16.8.6"
      }
    },
    "react-router": {
      "version": "5.0.1",
      "resolved": "https://registry.npm.taobao.org/react-router/download/react-router-5.0.1.tgz?cache=0&sync_timestamp=1561558326765&other_urls=https%3A%2F%2Fregistry.npm.taobao.org%2Freact-router%2Fdownload%2Freact-router-5.0.1.tgz",
      "integrity": "sha1-BO533x0atsuJOfnwGtVwLbrbiw8=",
      "requires": {
        "@babel/runtime": "^7.1.2",
        "history": "^4.9.0",
        "hoist-non-react-statics": "^3.1.0",
        "loose-envify": "^1.3.1",
        "mini-create-react-context": "^0.3.0",
        "path-to-regexp": "^1.7.0",
        "prop-types": "^15.6.2",
        "react-is": "^16.6.0",
        "tiny-invariant": "^1.0.2",
        "tiny-warning": "^1.0.0"
      }
    },
    "react-router-dom": {
      "version": "5.0.1",
      "resolved": "https://registry.npm.taobao.org/react-router-dom/download/react-router-dom-5.0.1.tgz",
      "integrity": "sha1-7mb0pdGLYInDYZWORDSJ1rq3FL4=",
      "requires": {
        "@babel/runtime": "^7.1.2",
        "history": "^4.9.0",
        "loose-envify": "^1.3.1",
        "prop-types": "^15.6.2",
        "react-router": "5.0.1",
        "tiny-invariant": "^1.0.2",
        "tiny-warning": "^1.0.0"
      }
    },
    "react-swipe": {
      "version": "6.0.4",
      "resolved": "https://registry.npm.taobao.org/react-swipe/download/react-swipe-6.0.4.tgz",
      "integrity": "sha1-duU1mbGgk9WjqEHH85HvCrzBurs=",
      "requires": {
        "lodash.isequal": "^4.5.0",
        "prop-types": "^15.6.0",
        "swipe-js-iso": "^2.1.5"
      }
    },
    "react-transition-group": {
      "version": "4.2.1",
      "resolved": "https://registry.npm.taobao.org/react-transition-group/download/react-transition-group-4.2.1.tgz",
      "integrity": "sha1-YfyeNlaL/5of5OYPrjI8im28BoA=",
      "requires": {
        "@babel/runtime": "^7.4.5",
        "dom-helpers": "^3.4.0",
        "loose-envify": "^1.4.0",
        "prop-types": "^15.6.2"
      }
    },
    "redux": {
      "version": "4.0.4",
      "resolved": "https://registry.npm.taobao.org/redux/download/redux-4.0.4.tgz",
      "integrity": "sha1-TuGusWS2PWobzFeuSqC25vp6N5Y=",
      "requires": {
        "loose-envify": "^1.4.0",
        "symbol-observable": "^1.2.0"
      }
    },
    "redux-logger": {
      "version": "3.0.6",
      "resolved": "https://registry.npm.taobao.org/redux-logger/download/redux-logger-3.0.6.tgz",
      "integrity": "sha1-91VZZvMJjzyIYExEnPC69XeCdL8=",
      "requires": {
        "deep-diff": "^0.3.5"
      }
    },
    "redux-thunk": {
      "version": "2.3.0",
      "resolved": "https://registry.npm.taobao.org/redux-thunk/download/redux-thunk-2.3.0.tgz",
      "integrity": "sha1-UcLBmhhe1Rh6qpotCLZm0NZGdiI="
    },
    "regenerator-runtime": {
      "version": "0.13.2",
      "resolved": "https://registry.npm.taobao.org/regenerator-runtime/download/regenerator-runtime-0.13.2.tgz",
      "integrity": "sha1-MuWcmm+5saSv8JtJMMotRHc0NEc="
    },
    "resolve-pathname": {
      "version": "2.2.0",
      "resolved": "https://registry.npm.taobao.org/resolve-pathname/download/resolve-pathname-2.2.0.tgz",
      "integrity": "sha1-fpriHtgV/WOrGJre7mTcgx7vqHk="
    },
    "scheduler": {
      "version": "0.13.6",
      "resolved": "https://registry.npm.taobao.org/scheduler/download/scheduler-0.13.6.tgz",
      "integrity": "sha1-RmpOwzJGezGpG5v3TlNHBy5M2Ik=",
      "requires": {
        "loose-envify": "^1.1.0",
        "object-assign": "^4.1.1"
      }
    },
    "seamless-immutable": {
      "version": "7.1.4",
      "resolved": "https://registry.npm.taobao.org/seamless-immutable/download/seamless-immutable-7.1.4.tgz",
      "integrity": "sha1-bpU23vCD3cTeoCB9ci4OgNDzcvg="
    },
    "swipe-js-iso": {
      "version": "2.1.5",
      "resolved": "https://registry.npm.taobao.org/swipe-js-iso/download/swipe-js-iso-2.1.5.tgz",
      "integrity": "sha1-mw7qi5dASH5hadZVGE/GRAtqLjQ="
    },
    "symbol-observable": {
      "version": "1.2.0",
      "resolved": "https://registry.npm.taobao.org/symbol-observable/download/symbol-observable-1.2.0.tgz",
      "integrity": "sha1-wiaIrtTqs83C3+rLtWFmBWCgCAQ="
    },
    "tiny-invariant": {
      "version": "1.0.5",
      "resolved": "https://registry.npm.taobao.org/tiny-invariant/download/tiny-invariant-1.0.5.tgz",
      "integrity": "sha1-DRmM9PULo0sooW2LKNzEsCuBPEQ="
    },
    "tiny-warning": {
      "version": "1.0.3",
      "resolved": "https://registry.npm.taobao.org/tiny-warning/download/tiny-warning-1.0.3.tgz",
      "integrity": "sha1-lKMNtFPfTGQ9D9VmBg1gqHXYR1Q="
    },
    "value-equal": {
      "version": "0.4.0",
      "resolved": "https://registry.npm.taobao.org/value-equal/download/value-equal-0.4.0.tgz",
      "integrity": "sha1-xb3S9U7gk8BIOdcc4uR1imiQq8c="
    }
  }
}
